
Microsoft Visual Studio Solution File, Format Version 12.00
# Visual Studio Version 16
VisualStudioVersion = 16.0.32106.194
MinimumVisualStudioVersion = 10.0.40219.1
Project("{FAE04EC0-301F-11D3-BF4B-00C04F79EFBC}") = "eCommerce", "eCommerce.csproj", "{A067CBDE-D25A-4905-A205-1C0EC6D3A33E}"
EndProject
Global
	GlobalSection(SolutionConfigurationPlatforms) = preSolution
		Debug|Any CPU = Debug|Any CPU
		Release|Any CPU = Release|Any CPU
	EndGlobalSection
	GlobalSection(ProjectConfigurationPlatforms) = postSolution
		{A067CBDE-D25A-4905-A205-1C0EC6D3A33E}.Debug|Any CPU.ActiveCfg = Debug|Any CPU
		{A067CBDE-D25A-4905-A205-1C0EC6D3A33E}.Debug|Any CPU.Build.0 = Debug|Any CPU
		{A067CBDE-D25A-4905-A205-1C0EC6D3A33E}.Release|Any CPU.ActiveCfg = Release|Any CPU
		{A067CBDE-D25A-4905-A205-1C0EC6D3A33E}.Release|Any CPU.Build.0 = Release|Any CPU
	EndGlobalSection
	GlobalSection(SolutionProperties) = preSolution
		HideSolutionNode = FALSE
	EndGlobalSection
	GlobalSection(ExtensibilityGlobals) = postSolution
		SolutionGuid = {CB646FCE-AFD7-4B35-88F2-86DF9D129A0F}
	EndGlobalSection
EndGlobal
